
Microsoft Visual Studio Solution File, Format Version 12.00
# Visual Studio Version 16
VisualStudioVersion = 16.0.31112.23
MinimumVisualStudioVersion = 10.0.40219.1
Project("{FAE04EC0-301F-11D3-BF4B-00C04F79EFBC}") = "2Duzz", "2Duzz\2Duzz.csproj", "{1BFE5CE9-E0F4-44DB-9AFA-9185B5BDEDC8}"
EndProject
Project("{FAE04EC0-301F-11D3-BF4B-00C04F79EFBC}") = "LevelData", "LevelData\LevelData.csproj", "{652C1F05-85F2-4C6A-A875-458665D76477}"
EndProject
Global
	GlobalSection(SolutionConfigurationPlatforms) = preSolution
		Debug|Any CPU = Debug|Any CPU
		Release|Any CPU = Release|Any CPU
	EndGlobalSection
	GlobalSection(ProjectConfigurationPlatforms) = postSolution
		{1BFE5CE9-E0F4-44DB-9AFA-9185B5BDEDC8}.Debug|Any CPU.ActiveCfg = Debug|Any CPU
		{1BFE5CE9-E0F4-44DB-9AFA-9185B5BDEDC8}.Debug|Any CPU.Build.0 = Debug|Any CPU
		{1BFE5CE9-E0F4-44DB-9AFA-9185B5BDEDC8}.Release|Any CPU.ActiveCfg = Release|Any CPU
		{1BFE5CE9-E0F4-44DB-9AFA-9185B5BDEDC8}.Release|Any CPU.Build.0 = Release|Any CPU
		{652C1F05-85F2-4C6A-A875-458665D76477}.Debug|Any CPU.ActiveCfg = Debug|Any CPU
		{652C1F05-85F2-4C6A-A875-458665D76477}.Debug|Any CPU.Build.0 = Debug|Any CPU
		{652C1F05-85F2-4C6A-A875-458665D76477}.Release|Any CPU.ActiveCfg = Release|Any CPU
		{652C1F05-85F2-4C6A-A875-458665D76477}.Release|Any CPU.Build.0 = Release|Any CPU
	EndGlobalSection
	GlobalSection(SolutionProperties) = preSolution
		HideSolutionNode = FALSE
	EndGlobalSection
	GlobalSection(ExtensibilityGlobals) = postSolution
		SolutionGuid = {4D4D0565-01F8-475E-AFCC-EED3E42D976B}
	EndGlobalSection
EndGlobal
